
Microsoft Visual Studio Solution File, Format Version 12.00
# Visual Studio Version 17
VisualStudioVersion = 17.1.32210.238
MinimumVisualStudioVersion = 10.0.40219.1
Project("{2150E333-8FDC-42A3-9474-1A3956D46DE8}") = "Apps", "Apps", "{91B32AE9-D09D-4D45-8D91-AB0D3FB913E3}"
EndProject
Project("{2150E333-8FDC-42A3-9474-1A3956D46DE8}") = "src", "src", "{108B6CCE-99D0-46AC-B9B4-6B829C83659B}"
EndProject
Project("{2150E333-8FDC-42A3-9474-1A3956D46DE8}") = "src.tests", "src.tests", "{BC2FC320-6D52-411C-A90D-3ED3D27E9108}"
EndProject
Project("{2150E333-8FDC-42A3-9474-1A3956D46DE8}") = "Shared", "Shared", "{EDC0CA1A-F52D-4D6A-8F51-62EA5FF2EE37}"
EndProject
Project("{2150E333-8FDC-42A3-9474-1A3956D46DE8}") = "Solution Items", "Solution Items", "{4C5594B8-6442-4E8A-A4D1-1020424F37EA}"
	ProjectSection(SolutionItems) = preProject
		.editorconfig = .editorconfig
		README.md = README.md
	EndProjectSection
EndProject
Project("{9A19103F-16F7-4668-BE54-9A1E7A4F7556}") = "Shared.Domain", "src\Shared\Shared.Domain\Shared.Domain.csproj", "{03DDFB47-1DB5-4BB8-A238-7E696A3D5DE1}"
EndProject
Project("{9A19103F-16F7-4668-BE54-9A1E7A4F7556}") = "Shared.Infrastructure", "src\Shared\Shared.Infrastructure\Shared.Infrastructure.csproj", "{E8B4A0CC-A0CA-4182-8634-BCBACB5E5D12}"
EndProject
Project("{9A19103F-16F7-4668-BE54-9A1E7A4F7556}") = "Shared.Infrastructure.Bus", "src\Shared\Shared.Infrastructure.Bus\Shared.Infrastructure.Bus.csproj", "{27E02144-DEF9-4BF0-946E-0FBF2ED89650}"
EndProject
Project("{9A19103F-16F7-4668-BE54-9A1E7A4F7556}") = "Shared.Infrastructure.Web", "src\Shared\Shared.Infrastructure.Web\Shared.Infrastructure.Web.csproj", "{66933C41-F598-469C-BDF9-2FE37E9AC706}"
EndProject
Project("{9A19103F-16F7-4668-BE54-9A1E7A4F7556}") = "mfe-versions.api", "src\Apps\mfe-versions.api\mfe-versions.api.csproj", "{ED4E293A-2216-417D-A5EA-DE682CB0279C}"
EndProject
Project("{2150E333-8FDC-42A3-9474-1A3956D46DE8}") = "docker", "docker", "{A8767DBA-3C0E-489D-A3E8-D72FEE31FFC8}"
	ProjectSection(SolutionItems) = preProject
		.docker\docker-compose.localstack.yaml = .docker\docker-compose.localstack.yaml
	EndProjectSection
EndProject
Project("{2150E333-8FDC-42A3-9474-1A3956D46DE8}") = "init-scripts", "init-scripts", "{2EED1853-A1CA-4545-9915-FB516D17741F}"
	ProjectSection(SolutionItems) = preProject
		.docker\init-scripts\01_profile_setup.sh = .docker\init-scripts\01_profile_setup.sh
		.docker\init-scripts\02_dynamodb_init.sh = .docker\init-scripts\02_dynamodb_init.sh
		.docker\init-scripts\dynamodb-data.json = .docker\init-scripts\dynamodb-data.json
	EndProjectSection
EndProject
Project("{9A19103F-16F7-4668-BE54-9A1E7A4F7556}") = "registration-tool", "src\Apps\registration-tool\registration-tool.csproj", "{950238CE-EFE9-4660-93F9-A50AB86CEF52}"
EndProject
Project("{9A19103F-16F7-4668-BE54-9A1E7A4F7556}") = "Versioning.Infrastructure", "src\Versioning.Infrastructure\Versioning.Infrastructure.csproj", "{0AD8347A-BC3F-40B8-8660-BEE405A4244F}"
EndProject
Project("{9A19103F-16F7-4668-BE54-9A1E7A4F7556}") = "Versioning.Domain", "src\Versioning.Domain\Versioning.Domain.csproj", "{CFB440E6-F03A-44FB-BFC2-88AB2E06A608}"
EndProject
Project("{9A19103F-16F7-4668-BE54-9A1E7A4F7556}") = "Versioning.Service", "src\Versioning.Service\Versioning.Service.csproj", "{78951CBB-BB53-48E3-9641-5421486097C2}"
EndProject
Project("{2150E333-8FDC-42A3-9474-1A3956D46DE8}") = "Apps", "Apps", "{F8E0A811-8F87-4232-B480-37BD9595FC49}"
EndProject
Project("{9A19103F-16F7-4668-BE54-9A1E7A4F7556}") = "Versioning.Domain.Tests", "src.tests\Versioning.Domain.Tests\Versioning.Domain.Tests.csproj", "{010B9648-20F5-4671-9978-AE8319446AC7}"
EndProject
Project("{9A19103F-16F7-4668-BE54-9A1E7A4F7556}") = "Versioning.Infrastructure.Tests", "src.tests\Versioning.Infrastructure.Tests\Versioning.Infrastructure.Tests.csproj", "{CFECF067-6094-49AC-9E16-D66873020F0A}"
EndProject
Project("{9A19103F-16F7-4668-BE54-9A1E7A4F7556}") = "Versioning.Service.Tests", "src.tests\Versioning.Service.Tests\Versioning.Service.Tests.csproj", "{245B4092-E66E-4E09-885C-782192FB0DD2}"
EndProject
Project("{9A19103F-16F7-4668-BE54-9A1E7A4F7556}") = "Versioning.Shared.Tests", "src.tests\Versioning.Shared.Tests\Versioning.Shared.Tests.csproj", "{5BFE4386-8DC6-4842-A304-834BB47D31A0}"
EndProject
Global
	GlobalSection(SolutionConfigurationPlatforms) = preSolution
		Debug|Any CPU = Debug|Any CPU
		Release|Any CPU = Release|Any CPU
	EndGlobalSection
	GlobalSection(ProjectConfigurationPlatforms) = postSolution
		{03DDFB47-1DB5-4BB8-A238-7E696A3D5DE1}.Debug|Any CPU.ActiveCfg = Debug|Any CPU
		{03DDFB47-1DB5-4BB8-A238-7E696A3D5DE1}.Debug|Any CPU.Build.0 = Debug|Any CPU
		{03DDFB47-1DB5-4BB8-A238-7E696A3D5DE1}.Release|Any CPU.ActiveCfg = Release|Any CPU
		{03DDFB47-1DB5-4BB8-A238-7E696A3D5DE1}.Release|Any CPU.Build.0 = Release|Any CPU
		{E8B4A0CC-A0CA-4182-8634-BCBACB5E5D12}.Debug|Any CPU.ActiveCfg = Debug|Any CPU
		{E8B4A0CC-A0CA-4182-8634-BCBACB5E5D12}.Debug|Any CPU.Build.0 = Debug|Any CPU
		{E8B4A0CC-A0CA-4182-8634-BCBACB5E5D12}.Release|Any CPU.ActiveCfg = Release|Any CPU
		{E8B4A0CC-A0CA-4182-8634-BCBACB5E5D12}.Release|Any CPU.Build.0 = Release|Any CPU
		{27E02144-DEF9-4BF0-946E-0FBF2ED89650}.Debug|Any CPU.ActiveCfg = Debug|Any CPU
		{27E02144-DEF9-4BF0-946E-0FBF2ED89650}.Debug|Any CPU.Build.0 = Debug|Any CPU
		{27E02144-DEF9-4BF0-946E-0FBF2ED89650}.Release|Any CPU.ActiveCfg = Release|Any CPU
		{27E02144-DEF9-4BF0-946E-0FBF2ED89650}.Release|Any CPU.Build.0 = Release|Any CPU
		{66933C41-F598-469C-BDF9-2FE37E9AC706}.Debug|Any CPU.ActiveCfg = Debug|Any CPU
		{66933C41-F598-469C-BDF9-2FE37E9AC706}.Debug|Any CPU.Build.0 = Debug|Any CPU
		{66933C41-F598-469C-BDF9-2FE37E9AC706}.Release|Any CPU.ActiveCfg = Release|Any CPU
		{66933C41-F598-469C-BDF9-2FE37E9AC706}.Release|Any CPU.Build.0 = Release|Any CPU
		{ED4E293A-2216-417D-A5EA-DE682CB0279C}.Debug|Any CPU.ActiveCfg = Debug|Any CPU
		{ED4E293A-2216-417D-A5EA-DE682CB0279C}.Debug|Any CPU.Build.0 = Debug|Any CPU
		{ED4E293A-2216-417D-A5EA-DE682CB0279C}.Release|Any CPU.ActiveCfg = Release|Any CPU
		{ED4E293A-2216-417D-A5EA-DE682CB0279C}.Release|Any CPU.Build.0 = Release|Any CPU
		{950238CE-EFE9-4660-93F9-A50AB86CEF52}.Debug|Any CPU.ActiveCfg = Debug|Any CPU
		{950238CE-EFE9-4660-93F9-A50AB86CEF52}.Debug|Any CPU.Build.0 = Debug|Any CPU
		{950238CE-EFE9-4660-93F9-A50AB86CEF52}.Release|Any CPU.ActiveCfg = Release|Any CPU
		{950238CE-EFE9-4660-93F9-A50AB86CEF52}.Release|Any CPU.Build.0 = Release|Any CPU
		{0AD8347A-BC3F-40B8-8660-BEE405A4244F}.Debug|Any CPU.ActiveCfg = Debug|Any CPU
		{0AD8347A-BC3F-40B8-8660-BEE405A4244F}.Debug|Any CPU.Build.0 = Debug|Any CPU
		{0AD8347A-BC3F-40B8-8660-BEE405A4244F}.Release|Any CPU.ActiveCfg = Release|Any CPU
		{0AD8347A-BC3F-40B8-8660-BEE405A4244F}.Release|Any CPU.Build.0 = Release|Any CPU
		{CFB440E6-F03A-44FB-BFC2-88AB2E06A608}.Debug|Any CPU.ActiveCfg = Debug|Any CPU
		{CFB440E6-F03A-44FB-BFC2-88AB2E06A608}.Debug|Any CPU.Build.0 = Debug|Any CPU
		{CFB440E6-F03A-44FB-BFC2-88AB2E06A608}.Release|Any CPU.ActiveCfg = Release|Any CPU
		{CFB440E6-F03A-44FB-BFC2-88AB2E06A608}.Release|Any CPU.Build.0 = Release|Any CPU
		{78951CBB-BB53-48E3-9641-5421486097C2}.Debug|Any CPU.ActiveCfg = Debug|Any CPU
		{78951CBB-BB53-48E3-9641-5421486097C2}.Debug|Any CPU.Build.0 = Debug|Any CPU
		{78951CBB-BB53-48E3-9641-5421486097C2}.Release|Any CPU.ActiveCfg = Release|Any CPU
		{78951CBB-BB53-48E3-9641-5421486097C2}.Release|Any CPU.Build.0 = Release|Any CPU
		{010B9648-20F5-4671-9978-AE8319446AC7}.Debug|Any CPU.ActiveCfg = Debug|Any CPU
		{010B9648-20F5-4671-9978-AE8319446AC7}.Debug|Any CPU.Build.0 = Debug|Any CPU
		{010B9648-20F5-4671-9978-AE8319446AC7}.Release|Any CPU.ActiveCfg = Release|Any CPU
		{010B9648-20F5-4671-9978-AE8319446AC7}.Release|Any CPU.Build.0 = Release|Any CPU
		{CFECF067-6094-49AC-9E16-D66873020F0A}.Debug|Any CPU.ActiveCfg = Debug|Any CPU
		{CFECF067-6094-49AC-9E16-D66873020F0A}.Debug|Any CPU.Build.0 = Debug|Any CPU
		{CFECF067-6094-49AC-9E16-D66873020F0A}.Release|Any CPU.ActiveCfg = Release|Any CPU
		{CFECF067-6094-49AC-9E16-D66873020F0A}.Release|Any CPU.Build.0 = Release|Any CPU
		{245B4092-E66E-4E09-885C-782192FB0DD2}.Debug|Any CPU.ActiveCfg = Debug|Any CPU
		{245B4092-E66E-4E09-885C-782192FB0DD2}.Debug|Any CPU.Build.0 = Debug|Any CPU
		{245B4092-E66E-4E09-885C-782192FB0DD2}.Release|Any CPU.ActiveCfg = Release|Any CPU
		{245B4092-E66E-4E09-885C-782192FB0DD2}.Release|Any CPU.Build.0 = Release|Any CPU
		{5BFE4386-8DC6-4842-A304-834BB47D31A0}.Debug|Any CPU.ActiveCfg = Debug|Any CPU
		{5BFE4386-8DC6-4842-A304-834BB47D31A0}.Debug|Any CPU.Build.0 = Debug|Any CPU
		{5BFE4386-8DC6-4842-A304-834BB47D31A0}.Release|Any CPU.ActiveCfg = Release|Any CPU
		{5BFE4386-8DC6-4842-A304-834BB47D31A0}.Release|Any CPU.Build.0 = Release|Any CPU
	EndGlobalSection
	GlobalSection(SolutionProperties) = preSolution
		HideSolutionNode = FALSE
	EndGlobalSection
	GlobalSection(NestedProjects) = preSolution
		{91B32AE9-D09D-4D45-8D91-AB0D3FB913E3} = {108B6CCE-99D0-46AC-B9B4-6B829C83659B}
		{EDC0CA1A-F52D-4D6A-8F51-62EA5FF2EE37} = {108B6CCE-99D0-46AC-B9B4-6B829C83659B}
		{03DDFB47-1DB5-4BB8-A238-7E696A3D5DE1} = {EDC0CA1A-F52D-4D6A-8F51-62EA5FF2EE37}
		{E8B4A0CC-A0CA-4182-8634-BCBACB5E5D12} = {EDC0CA1A-F52D-4D6A-8F51-62EA5FF2EE37}
		{27E02144-DEF9-4BF0-946E-0FBF2ED89650} = {EDC0CA1A-F52D-4D6A-8F51-62EA5FF2EE37}
		{66933C41-F598-469C-BDF9-2FE37E9AC706} = {EDC0CA1A-F52D-4D6A-8F51-62EA5FF2EE37}
		{ED4E293A-2216-417D-A5EA-DE682CB0279C} = {91B32AE9-D09D-4D45-8D91-AB0D3FB913E3}
		{A8767DBA-3C0E-489D-A3E8-D72FEE31FFC8} = {4C5594B8-6442-4E8A-A4D1-1020424F37EA}
		{2EED1853-A1CA-4545-9915-FB516D17741F} = {A8767DBA-3C0E-489D-A3E8-D72FEE31FFC8}
		{950238CE-EFE9-4660-93F9-A50AB86CEF52} = {91B32AE9-D09D-4D45-8D91-AB0D3FB913E3}
		{0AD8347A-BC3F-40B8-8660-BEE405A4244F} = {108B6CCE-99D0-46AC-B9B4-6B829C83659B}
		{CFB440E6-F03A-44FB-BFC2-88AB2E06A608} = {108B6CCE-99D0-46AC-B9B4-6B829C83659B}
		{78951CBB-BB53-48E3-9641-5421486097C2} = {108B6CCE-99D0-46AC-B9B4-6B829C83659B}
		{F8E0A811-8F87-4232-B480-37BD9595FC49} = {BC2FC320-6D52-411C-A90D-3ED3D27E9108}
		{010B9648-20F5-4671-9978-AE8319446AC7} = {BC2FC320-6D52-411C-A90D-3ED3D27E9108}
		{CFECF067-6094-49AC-9E16-D66873020F0A} = {BC2FC320-6D52-411C-A90D-3ED3D27E9108}
		{245B4092-E66E-4E09-885C-782192FB0DD2} = {BC2FC320-6D52-411C-A90D-3ED3D27E9108}
		{5BFE4386-8DC6-4842-A304-834BB47D31A0} = {BC2FC320-6D52-411C-A90D-3ED3D27E9108}
	EndGlobalSection
	GlobalSection(ExtensibilityGlobals) = postSolution
		SolutionGuid = {FCA23B81-A1B0-48DA-B644-21F404C18230}
	EndGlobalSection
EndGlobal
