
Microsoft Visual Studio Solution File, Format Version 12.00
# Visual Studio Version 17
VisualStudioVersion = 17.1.32210.238
MinimumVisualStudioVersion = 10.0.40219.1
Project("{2150E333-8FDC-42A3-9474-1A3956D46DE8}") = "app", "app", "{91B32AE9-D09D-4D45-8D91-AB0D3FB913E3}"
EndProject
Project("{2150E333-8FDC-42A3-9474-1A3956D46DE8}") = "src", "src", "{108B6CCE-99D0-46AC-B9B4-6B829C83659B}"
EndProject
Project("{2150E333-8FDC-42A3-9474-1A3956D46DE8}") = "src.tests", "src.tests", "{BC2FC320-6D52-411C-A90D-3ED3D27E9108}"
EndProject
Project("{2150E333-8FDC-42A3-9474-1A3956D46DE8}") = "versioning", "versioning", "{C724F8BF-7C40-4F7B-A0CD-424E728FBFE3}"
EndProject
Project("{2150E333-8FDC-42A3-9474-1A3956D46DE8}") = "app.tests", "app.tests", "{BD98CB51-89CE-40B1-BFD5-6F3A8C0829F6}"
EndProject
Project("{2150E333-8FDC-42A3-9474-1A3956D46DE8}") = "versioning", "versioning", "{6AA027AE-AB96-4BFF-8BA7-CEBA204CF113}"
EndProject
Project("{9A19103F-16F7-4668-BE54-9A1E7A4F7556}") = "mfe-versions.api", "mfe-versions.api\mfe-versions.api.csproj", "{FBB92E41-FE00-4384-9E6C-3D220E5DC587}"
EndProject
Project("{2150E333-8FDC-42A3-9474-1A3956D46DE8}") = "shared", "shared", "{EDC0CA1A-F52D-4D6A-8F51-62EA5FF2EE37}"
EndProject
Project("{9A19103F-16F7-4668-BE54-9A1E7A4F7556}") = "shared.domain", "shared.domain\shared.domain.csproj", "{2BB10391-9D50-4581-BDBB-0E38962FBC2C}"
EndProject
Project("{9A19103F-16F7-4668-BE54-9A1E7A4F7556}") = "Shared.Infrastructure", "Shared.Infrastructure\Shared.Infrastructure.csproj", "{135E8A29-D0E0-40D3-B207-EF47D9BEEEB7}"
EndProject
Project("{9A19103F-16F7-4668-BE54-9A1E7A4F7556}") = "shared.web.infrastructure", "shared.web.infrastructure\shared.web.infrastructure.csproj", "{D8F752D5-F8BC-4A64-BBB7-B3C76445FF2B}"
EndProject
Project("{2150E333-8FDC-42A3-9474-1A3956D46DE8}") = "Solution Items", "Solution Items", "{4C5594B8-6442-4E8A-A4D1-1020424F37EA}"
	ProjectSection(SolutionItems) = preProject
		.editorconfig = .editorconfig
	EndProjectSection
EndProject
Project("{2150E333-8FDC-42A3-9474-1A3956D46DE8}") = "MfeTenantConfigurations", "MfeTenantConfigurations", "{31932D1D-74FC-433D-826E-D66D4D0C3C1C}"
EndProject
Project("{2150E333-8FDC-42A3-9474-1A3956D46DE8}") = "Mfes", "Mfes", "{24493493-AFC3-48A2-9940-F33F24B3E5DD}"
EndProject
Project("{9A19103F-16F7-4668-BE54-9A1E7A4F7556}") = "Mfes.Application", "Mfes.Application\Mfes.Application.csproj", "{4149125D-20ED-437D-ACD4-B5C8CFF631CD}"
EndProject
Project("{9A19103F-16F7-4668-BE54-9A1E7A4F7556}") = "Mfes.Domain", "Mfes.Domain\Mfes.Domain.csproj", "{90EFFF6C-5B9B-4F51-B752-986F9005795D}"
EndProject
Project("{9A19103F-16F7-4668-BE54-9A1E7A4F7556}") = "Mfes.Infrastructure", "Mfes.Infrastructure\Mfes.Infrastructure.csproj", "{0E3E03B3-3BB8-4EB7-A5D5-5C88001774C9}"
EndProject
Project("{2150E333-8FDC-42A3-9474-1A3956D46DE8}") = "Mfes", "Mfes", "{570E7FEF-C8EA-4B44-94CE-B30ACEC4DDFA}"
EndProject
Project("{9A19103F-16F7-4668-BE54-9A1E7A4F7556}") = "Mfes.Application.Tests", "Mfes.Application.Tests\Mfes.Application.Tests.csproj", "{BCBE5737-25F0-4911-A976-818491395C06}"
EndProject
Project("{9A19103F-16F7-4668-BE54-9A1E7A4F7556}") = "Mfes.Infrastructure.Tests", "Mfes.Infrastructure.Tests\Mfes.Infrastructure.Tests.csproj", "{B8CBAB31-F4C3-4DC1-BDFF-B3F76EB1E7A5}"
EndProject
Project("{2150E333-8FDC-42A3-9474-1A3956D46DE8}") = "MfeClusterConfigurations", "MfeClusterConfigurations", "{2E8BF2E0-FAED-46C8-B6F2-0345EC537E2C}"
EndProject
Project("{9A19103F-16F7-4668-BE54-9A1E7A4F7556}") = "Versioning.Shared.Domain", "Versioning.Shared.Domain\Versioning.Shared.Domain.csproj", "{2A751E78-1B5A-41BE-864D-E833BC7D1733}"
EndProject
Project("{2150E333-8FDC-42A3-9474-1A3956D46DE8}") = "Shared", "Shared", "{FA8C8966-0EFE-428D-A3F1-26E4EDDB0988}"
EndProject
Project("{2150E333-8FDC-42A3-9474-1A3956D46DE8}") = "MfeGlobalConfigurations", "MfeGlobalConfigurations", "{B1312033-C6E0-4A0E-89C6-1EEA9927BE05}"
EndProject
Project("{9A19103F-16F7-4668-BE54-9A1E7A4F7556}") = "MfeGlobalConfigurations.Application", "MfeGlobalConfigurations.Application\MfeGlobalConfigurations.Application.csproj", "{47A5DA4F-7AB2-4FD3-AADE-A587980E2587}"
EndProject
Project("{9A19103F-16F7-4668-BE54-9A1E7A4F7556}") = "MfeGlobalConfigurations.Domain", "MfeGlobalConfigurations.Domain\MfeGlobalConfigurations.Domain.csproj", "{374B5C12-1D9A-4BFC-8A83-276D40F1C0BA}"
EndProject
Project("{9A19103F-16F7-4668-BE54-9A1E7A4F7556}") = "MfeGlobalConfigurations.Infrastructure", "MfeGlobalConfigurations.Infrastructure\MfeGlobalConfigurations.Infrastructure.csproj", "{31F13EE5-4F8C-449D-9D5E-FE6877C39B04}"
EndProject
Project("{9A19103F-16F7-4668-BE54-9A1E7A4F7556}") = "Shared.Infrastructure.Bus", "Shared.Infrastructure.Bus\Shared.Infrastructure.Bus.csproj", "{CD846ADD-3579-4922-814C-668B06D70016}"
EndProject
Project("{2150E333-8FDC-42A3-9474-1A3956D46DE8}") = "MfeClusterConfigurations", "MfeClusterConfigurations", "{6EF9B0AD-1824-4B6D-AD4B-1E6BBB86C290}"
EndProject
Project("{9A19103F-16F7-4668-BE54-9A1E7A4F7556}") = "MfeClusterConfigurations.Application", "MfeClusterConfigurations.Application\MfeClusterConfigurations.Application.csproj", "{0EE8CA7D-19C5-4B2B-8359-BEB5402962C6}"
EndProject
Project("{9A19103F-16F7-4668-BE54-9A1E7A4F7556}") = "MfeClusterConfigurations.Infrastructure", "MfeClusterConfigurations.Infrastructure\MfeClusterConfigurations.Infrastructure.csproj", "{40B99D0A-5B11-48FF-8483-2B51EDFF4D70}"
EndProject
Project("{9A19103F-16F7-4668-BE54-9A1E7A4F7556}") = "MfeClusterConfigurations.Domain", "MfeClusterConfigurations.Domain\MfeClusterConfigurations.Domain.csproj", "{783900D5-9156-4010-9234-E44641BC2AA5}"
EndProject
Project("{9A19103F-16F7-4668-BE54-9A1E7A4F7556}") = "MfeTenantConfigurations.Application", "MfeTenantConfigurations.Application\MfeTenantConfigurations.Application.csproj", "{1FFE6386-DB72-4F16-9DB0-A1F9839E9D20}"
EndProject
Project("{9A19103F-16F7-4668-BE54-9A1E7A4F7556}") = "MfeTenantConfigurations.Domain", "MfeTenantConfigurations.Domain\MfeTenantConfigurations.Domain.csproj", "{2E6D8F63-D7A4-41AB-8521-0B2964E63BDB}"
EndProject
Project("{9A19103F-16F7-4668-BE54-9A1E7A4F7556}") = "MfeTenantConfigurations.Infrastructure", "MfeTenantConfigurations.Infrastructure\MfeTenantConfigurations.Infrastructure.csproj", "{A920653F-795D-49BD-9FEC-E1CFA1F3D903}"
EndProject
Project("{9A19103F-16F7-4668-BE54-9A1E7A4F7556}") = "MfeClusterConfigurations.Application.Tests", "MfeClusterConfigurations.Application.Tests\MfeClusterConfigurations.Application.Tests.csproj", "{430D54AD-6394-431B-A811-E6016A0B1A5D}"
EndProject
Project("{9A19103F-16F7-4668-BE54-9A1E7A4F7556}") = "MfeClusterConfigurations.Infrastructure.Tests", "MfeClusterConfigurations.Infrastructure.Tests\MfeClusterConfigurations.Infrastructure.Tests.csproj", "{058443EB-17D9-419D-AE31-66EB977D90A2}"
EndProject
Project("{2150E333-8FDC-42A3-9474-1A3956D46DE8}") = "Shared", "Shared", "{AA6D55BD-A981-4971-BCE8-FD60B8614EB7}"
EndProject
Project("{FAE04EC0-301F-11D3-BF4B-00C04F79EFBC}") = "MfeClusterConfigurations.Domain.Tests", "MfeClusterConfigurations.Domain.Tests\MfeClusterConfigurations.Domain.Tests.csproj", "{334319EB-7115-4BB4-A85F-A29E285F26A2}"
EndProject
Project("{FAE04EC0-301F-11D3-BF4B-00C04F79EFBC}") = "Versioning.Shared.Tests", "Versioning.Shared.Tests\Versioning.Shared.Tests.csproj", "{246E3B35-DAD8-4B75-A9B4-3FB98D308635}"
EndProject
Project("{FAE04EC0-301F-11D3-BF4B-00C04F79EFBC}") = "Mfes.Domain.Tests", "Mfes.Domain.Tests\Mfes.Domain.Tests.csproj", "{22CAE729-4B6A-4F24-9D41-F1BCE04006CC}"
EndProject
Global
	GlobalSection(SolutionConfigurationPlatforms) = preSolution
		Debug|Any CPU = Debug|Any CPU
		Release|Any CPU = Release|Any CPU
	EndGlobalSection
	GlobalSection(ProjectConfigurationPlatforms) = postSolution
		{FBB92E41-FE00-4384-9E6C-3D220E5DC587}.Debug|Any CPU.ActiveCfg = Debug|Any CPU
		{FBB92E41-FE00-4384-9E6C-3D220E5DC587}.Debug|Any CPU.Build.0 = Debug|Any CPU
		{FBB92E41-FE00-4384-9E6C-3D220E5DC587}.Release|Any CPU.ActiveCfg = Release|Any CPU
		{FBB92E41-FE00-4384-9E6C-3D220E5DC587}.Release|Any CPU.Build.0 = Release|Any CPU
		{2BB10391-9D50-4581-BDBB-0E38962FBC2C}.Debug|Any CPU.ActiveCfg = Debug|Any CPU
		{2BB10391-9D50-4581-BDBB-0E38962FBC2C}.Debug|Any CPU.Build.0 = Debug|Any CPU
		{2BB10391-9D50-4581-BDBB-0E38962FBC2C}.Release|Any CPU.ActiveCfg = Release|Any CPU
		{2BB10391-9D50-4581-BDBB-0E38962FBC2C}.Release|Any CPU.Build.0 = Release|Any CPU
		{135E8A29-D0E0-40D3-B207-EF47D9BEEEB7}.Debug|Any CPU.ActiveCfg = Debug|Any CPU
		{135E8A29-D0E0-40D3-B207-EF47D9BEEEB7}.Debug|Any CPU.Build.0 = Debug|Any CPU
		{135E8A29-D0E0-40D3-B207-EF47D9BEEEB7}.Release|Any CPU.ActiveCfg = Release|Any CPU
		{135E8A29-D0E0-40D3-B207-EF47D9BEEEB7}.Release|Any CPU.Build.0 = Release|Any CPU
		{D8F752D5-F8BC-4A64-BBB7-B3C76445FF2B}.Debug|Any CPU.ActiveCfg = Debug|Any CPU
		{D8F752D5-F8BC-4A64-BBB7-B3C76445FF2B}.Debug|Any CPU.Build.0 = Debug|Any CPU
		{D8F752D5-F8BC-4A64-BBB7-B3C76445FF2B}.Release|Any CPU.ActiveCfg = Release|Any CPU
		{D8F752D5-F8BC-4A64-BBB7-B3C76445FF2B}.Release|Any CPU.Build.0 = Release|Any CPU
		{4149125D-20ED-437D-ACD4-B5C8CFF631CD}.Debug|Any CPU.ActiveCfg = Debug|Any CPU
		{4149125D-20ED-437D-ACD4-B5C8CFF631CD}.Debug|Any CPU.Build.0 = Debug|Any CPU
		{4149125D-20ED-437D-ACD4-B5C8CFF631CD}.Release|Any CPU.ActiveCfg = Release|Any CPU
		{4149125D-20ED-437D-ACD4-B5C8CFF631CD}.Release|Any CPU.Build.0 = Release|Any CPU
		{90EFFF6C-5B9B-4F51-B752-986F9005795D}.Debug|Any CPU.ActiveCfg = Debug|Any CPU
		{90EFFF6C-5B9B-4F51-B752-986F9005795D}.Debug|Any CPU.Build.0 = Debug|Any CPU
		{90EFFF6C-5B9B-4F51-B752-986F9005795D}.Release|Any CPU.ActiveCfg = Release|Any CPU
		{90EFFF6C-5B9B-4F51-B752-986F9005795D}.Release|Any CPU.Build.0 = Release|Any CPU
		{0E3E03B3-3BB8-4EB7-A5D5-5C88001774C9}.Debug|Any CPU.ActiveCfg = Debug|Any CPU
		{0E3E03B3-3BB8-4EB7-A5D5-5C88001774C9}.Debug|Any CPU.Build.0 = Debug|Any CPU
		{0E3E03B3-3BB8-4EB7-A5D5-5C88001774C9}.Release|Any CPU.ActiveCfg = Release|Any CPU
		{0E3E03B3-3BB8-4EB7-A5D5-5C88001774C9}.Release|Any CPU.Build.0 = Release|Any CPU
		{BCBE5737-25F0-4911-A976-818491395C06}.Debug|Any CPU.ActiveCfg = Debug|Any CPU
		{BCBE5737-25F0-4911-A976-818491395C06}.Debug|Any CPU.Build.0 = Debug|Any CPU
		{BCBE5737-25F0-4911-A976-818491395C06}.Release|Any CPU.ActiveCfg = Release|Any CPU
		{BCBE5737-25F0-4911-A976-818491395C06}.Release|Any CPU.Build.0 = Release|Any CPU
		{B8CBAB31-F4C3-4DC1-BDFF-B3F76EB1E7A5}.Debug|Any CPU.ActiveCfg = Debug|Any CPU
		{B8CBAB31-F4C3-4DC1-BDFF-B3F76EB1E7A5}.Debug|Any CPU.Build.0 = Debug|Any CPU
		{B8CBAB31-F4C3-4DC1-BDFF-B3F76EB1E7A5}.Release|Any CPU.ActiveCfg = Release|Any CPU
		{B8CBAB31-F4C3-4DC1-BDFF-B3F76EB1E7A5}.Release|Any CPU.Build.0 = Release|Any CPU
		{2A751E78-1B5A-41BE-864D-E833BC7D1733}.Debug|Any CPU.ActiveCfg = Debug|Any CPU
		{2A751E78-1B5A-41BE-864D-E833BC7D1733}.Debug|Any CPU.Build.0 = Debug|Any CPU
		{2A751E78-1B5A-41BE-864D-E833BC7D1733}.Release|Any CPU.ActiveCfg = Release|Any CPU
		{2A751E78-1B5A-41BE-864D-E833BC7D1733}.Release|Any CPU.Build.0 = Release|Any CPU
		{47A5DA4F-7AB2-4FD3-AADE-A587980E2587}.Debug|Any CPU.ActiveCfg = Debug|Any CPU
		{47A5DA4F-7AB2-4FD3-AADE-A587980E2587}.Debug|Any CPU.Build.0 = Debug|Any CPU
		{47A5DA4F-7AB2-4FD3-AADE-A587980E2587}.Release|Any CPU.ActiveCfg = Release|Any CPU
		{47A5DA4F-7AB2-4FD3-AADE-A587980E2587}.Release|Any CPU.Build.0 = Release|Any CPU
		{374B5C12-1D9A-4BFC-8A83-276D40F1C0BA}.Debug|Any CPU.ActiveCfg = Debug|Any CPU
		{374B5C12-1D9A-4BFC-8A83-276D40F1C0BA}.Debug|Any CPU.Build.0 = Debug|Any CPU
		{374B5C12-1D9A-4BFC-8A83-276D40F1C0BA}.Release|Any CPU.ActiveCfg = Release|Any CPU
		{374B5C12-1D9A-4BFC-8A83-276D40F1C0BA}.Release|Any CPU.Build.0 = Release|Any CPU
		{31F13EE5-4F8C-449D-9D5E-FE6877C39B04}.Debug|Any CPU.ActiveCfg = Debug|Any CPU
		{31F13EE5-4F8C-449D-9D5E-FE6877C39B04}.Debug|Any CPU.Build.0 = Debug|Any CPU
		{31F13EE5-4F8C-449D-9D5E-FE6877C39B04}.Release|Any CPU.ActiveCfg = Release|Any CPU
		{31F13EE5-4F8C-449D-9D5E-FE6877C39B04}.Release|Any CPU.Build.0 = Release|Any CPU
		{CD846ADD-3579-4922-814C-668B06D70016}.Debug|Any CPU.ActiveCfg = Debug|Any CPU
		{CD846ADD-3579-4922-814C-668B06D70016}.Debug|Any CPU.Build.0 = Debug|Any CPU
		{CD846ADD-3579-4922-814C-668B06D70016}.Release|Any CPU.ActiveCfg = Release|Any CPU
		{CD846ADD-3579-4922-814C-668B06D70016}.Release|Any CPU.Build.0 = Release|Any CPU
		{0EE8CA7D-19C5-4B2B-8359-BEB5402962C6}.Debug|Any CPU.ActiveCfg = Debug|Any CPU
		{0EE8CA7D-19C5-4B2B-8359-BEB5402962C6}.Debug|Any CPU.Build.0 = Debug|Any CPU
		{0EE8CA7D-19C5-4B2B-8359-BEB5402962C6}.Release|Any CPU.ActiveCfg = Release|Any CPU
		{0EE8CA7D-19C5-4B2B-8359-BEB5402962C6}.Release|Any CPU.Build.0 = Release|Any CPU
		{40B99D0A-5B11-48FF-8483-2B51EDFF4D70}.Debug|Any CPU.ActiveCfg = Debug|Any CPU
		{40B99D0A-5B11-48FF-8483-2B51EDFF4D70}.Debug|Any CPU.Build.0 = Debug|Any CPU
		{40B99D0A-5B11-48FF-8483-2B51EDFF4D70}.Release|Any CPU.ActiveCfg = Release|Any CPU
		{40B99D0A-5B11-48FF-8483-2B51EDFF4D70}.Release|Any CPU.Build.0 = Release|Any CPU
		{783900D5-9156-4010-9234-E44641BC2AA5}.Debug|Any CPU.ActiveCfg = Debug|Any CPU
		{783900D5-9156-4010-9234-E44641BC2AA5}.Debug|Any CPU.Build.0 = Debug|Any CPU
		{783900D5-9156-4010-9234-E44641BC2AA5}.Release|Any CPU.ActiveCfg = Release|Any CPU
		{783900D5-9156-4010-9234-E44641BC2AA5}.Release|Any CPU.Build.0 = Release|Any CPU
		{1FFE6386-DB72-4F16-9DB0-A1F9839E9D20}.Debug|Any CPU.ActiveCfg = Debug|Any CPU
		{1FFE6386-DB72-4F16-9DB0-A1F9839E9D20}.Debug|Any CPU.Build.0 = Debug|Any CPU
		{1FFE6386-DB72-4F16-9DB0-A1F9839E9D20}.Release|Any CPU.ActiveCfg = Release|Any CPU
		{1FFE6386-DB72-4F16-9DB0-A1F9839E9D20}.Release|Any CPU.Build.0 = Release|Any CPU
		{2E6D8F63-D7A4-41AB-8521-0B2964E63BDB}.Debug|Any CPU.ActiveCfg = Debug|Any CPU
		{2E6D8F63-D7A4-41AB-8521-0B2964E63BDB}.Debug|Any CPU.Build.0 = Debug|Any CPU
		{2E6D8F63-D7A4-41AB-8521-0B2964E63BDB}.Release|Any CPU.ActiveCfg = Release|Any CPU
		{2E6D8F63-D7A4-41AB-8521-0B2964E63BDB}.Release|Any CPU.Build.0 = Release|Any CPU
		{A920653F-795D-49BD-9FEC-E1CFA1F3D903}.Debug|Any CPU.ActiveCfg = Debug|Any CPU
		{A920653F-795D-49BD-9FEC-E1CFA1F3D903}.Debug|Any CPU.Build.0 = Debug|Any CPU
		{A920653F-795D-49BD-9FEC-E1CFA1F3D903}.Release|Any CPU.ActiveCfg = Release|Any CPU
		{A920653F-795D-49BD-9FEC-E1CFA1F3D903}.Release|Any CPU.Build.0 = Release|Any CPU
		{430D54AD-6394-431B-A811-E6016A0B1A5D}.Debug|Any CPU.ActiveCfg = Debug|Any CPU
		{430D54AD-6394-431B-A811-E6016A0B1A5D}.Debug|Any CPU.Build.0 = Debug|Any CPU
		{430D54AD-6394-431B-A811-E6016A0B1A5D}.Release|Any CPU.ActiveCfg = Release|Any CPU
		{430D54AD-6394-431B-A811-E6016A0B1A5D}.Release|Any CPU.Build.0 = Release|Any CPU
		{058443EB-17D9-419D-AE31-66EB977D90A2}.Debug|Any CPU.ActiveCfg = Debug|Any CPU
		{058443EB-17D9-419D-AE31-66EB977D90A2}.Debug|Any CPU.Build.0 = Debug|Any CPU
		{058443EB-17D9-419D-AE31-66EB977D90A2}.Release|Any CPU.ActiveCfg = Release|Any CPU
		{058443EB-17D9-419D-AE31-66EB977D90A2}.Release|Any CPU.Build.0 = Release|Any CPU
		{334319EB-7115-4BB4-A85F-A29E285F26A2}.Debug|Any CPU.ActiveCfg = Debug|Any CPU
		{334319EB-7115-4BB4-A85F-A29E285F26A2}.Debug|Any CPU.Build.0 = Debug|Any CPU
		{334319EB-7115-4BB4-A85F-A29E285F26A2}.Release|Any CPU.ActiveCfg = Release|Any CPU
		{334319EB-7115-4BB4-A85F-A29E285F26A2}.Release|Any CPU.Build.0 = Release|Any CPU
		{246E3B35-DAD8-4B75-A9B4-3FB98D308635}.Debug|Any CPU.ActiveCfg = Debug|Any CPU
		{246E3B35-DAD8-4B75-A9B4-3FB98D308635}.Debug|Any CPU.Build.0 = Debug|Any CPU
		{246E3B35-DAD8-4B75-A9B4-3FB98D308635}.Release|Any CPU.ActiveCfg = Release|Any CPU
		{246E3B35-DAD8-4B75-A9B4-3FB98D308635}.Release|Any CPU.Build.0 = Release|Any CPU
		{22CAE729-4B6A-4F24-9D41-F1BCE04006CC}.Debug|Any CPU.ActiveCfg = Debug|Any CPU
		{22CAE729-4B6A-4F24-9D41-F1BCE04006CC}.Debug|Any CPU.Build.0 = Debug|Any CPU
		{22CAE729-4B6A-4F24-9D41-F1BCE04006CC}.Release|Any CPU.ActiveCfg = Release|Any CPU
		{22CAE729-4B6A-4F24-9D41-F1BCE04006CC}.Release|Any CPU.Build.0 = Release|Any CPU
	EndGlobalSection
	GlobalSection(SolutionProperties) = preSolution
		HideSolutionNode = FALSE
	EndGlobalSection
	GlobalSection(NestedProjects) = preSolution
		{C724F8BF-7C40-4F7B-A0CD-424E728FBFE3} = {108B6CCE-99D0-46AC-B9B4-6B829C83659B}
		{6AA027AE-AB96-4BFF-8BA7-CEBA204CF113} = {BC2FC320-6D52-411C-A90D-3ED3D27E9108}
		{FBB92E41-FE00-4384-9E6C-3D220E5DC587} = {91B32AE9-D09D-4D45-8D91-AB0D3FB913E3}
		{EDC0CA1A-F52D-4D6A-8F51-62EA5FF2EE37} = {108B6CCE-99D0-46AC-B9B4-6B829C83659B}
		{2BB10391-9D50-4581-BDBB-0E38962FBC2C} = {EDC0CA1A-F52D-4D6A-8F51-62EA5FF2EE37}
		{135E8A29-D0E0-40D3-B207-EF47D9BEEEB7} = {EDC0CA1A-F52D-4D6A-8F51-62EA5FF2EE37}
		{D8F752D5-F8BC-4A64-BBB7-B3C76445FF2B} = {EDC0CA1A-F52D-4D6A-8F51-62EA5FF2EE37}
		{31932D1D-74FC-433D-826E-D66D4D0C3C1C} = {C724F8BF-7C40-4F7B-A0CD-424E728FBFE3}
		{24493493-AFC3-48A2-9940-F33F24B3E5DD} = {C724F8BF-7C40-4F7B-A0CD-424E728FBFE3}
		{4149125D-20ED-437D-ACD4-B5C8CFF631CD} = {24493493-AFC3-48A2-9940-F33F24B3E5DD}
		{90EFFF6C-5B9B-4F51-B752-986F9005795D} = {24493493-AFC3-48A2-9940-F33F24B3E5DD}
		{0E3E03B3-3BB8-4EB7-A5D5-5C88001774C9} = {24493493-AFC3-48A2-9940-F33F24B3E5DD}
		{570E7FEF-C8EA-4B44-94CE-B30ACEC4DDFA} = {6AA027AE-AB96-4BFF-8BA7-CEBA204CF113}
		{BCBE5737-25F0-4911-A976-818491395C06} = {570E7FEF-C8EA-4B44-94CE-B30ACEC4DDFA}
		{B8CBAB31-F4C3-4DC1-BDFF-B3F76EB1E7A5} = {570E7FEF-C8EA-4B44-94CE-B30ACEC4DDFA}
		{2E8BF2E0-FAED-46C8-B6F2-0345EC537E2C} = {6AA027AE-AB96-4BFF-8BA7-CEBA204CF113}
		{2A751E78-1B5A-41BE-864D-E833BC7D1733} = {FA8C8966-0EFE-428D-A3F1-26E4EDDB0988}
		{FA8C8966-0EFE-428D-A3F1-26E4EDDB0988} = {C724F8BF-7C40-4F7B-A0CD-424E728FBFE3}
		{B1312033-C6E0-4A0E-89C6-1EEA9927BE05} = {C724F8BF-7C40-4F7B-A0CD-424E728FBFE3}
		{47A5DA4F-7AB2-4FD3-AADE-A587980E2587} = {B1312033-C6E0-4A0E-89C6-1EEA9927BE05}
		{374B5C12-1D9A-4BFC-8A83-276D40F1C0BA} = {B1312033-C6E0-4A0E-89C6-1EEA9927BE05}
		{31F13EE5-4F8C-449D-9D5E-FE6877C39B04} = {B1312033-C6E0-4A0E-89C6-1EEA9927BE05}
		{CD846ADD-3579-4922-814C-668B06D70016} = {EDC0CA1A-F52D-4D6A-8F51-62EA5FF2EE37}
		{6EF9B0AD-1824-4B6D-AD4B-1E6BBB86C290} = {C724F8BF-7C40-4F7B-A0CD-424E728FBFE3}
		{0EE8CA7D-19C5-4B2B-8359-BEB5402962C6} = {6EF9B0AD-1824-4B6D-AD4B-1E6BBB86C290}
		{40B99D0A-5B11-48FF-8483-2B51EDFF4D70} = {6EF9B0AD-1824-4B6D-AD4B-1E6BBB86C290}
		{783900D5-9156-4010-9234-E44641BC2AA5} = {6EF9B0AD-1824-4B6D-AD4B-1E6BBB86C290}
		{1FFE6386-DB72-4F16-9DB0-A1F9839E9D20} = {31932D1D-74FC-433D-826E-D66D4D0C3C1C}
		{2E6D8F63-D7A4-41AB-8521-0B2964E63BDB} = {31932D1D-74FC-433D-826E-D66D4D0C3C1C}
		{A920653F-795D-49BD-9FEC-E1CFA1F3D903} = {31932D1D-74FC-433D-826E-D66D4D0C3C1C}
		{430D54AD-6394-431B-A811-E6016A0B1A5D} = {2E8BF2E0-FAED-46C8-B6F2-0345EC537E2C}
		{058443EB-17D9-419D-AE31-66EB977D90A2} = {2E8BF2E0-FAED-46C8-B6F2-0345EC537E2C}
		{AA6D55BD-A981-4971-BCE8-FD60B8614EB7} = {6AA027AE-AB96-4BFF-8BA7-CEBA204CF113}
		{334319EB-7115-4BB4-A85F-A29E285F26A2} = {2E8BF2E0-FAED-46C8-B6F2-0345EC537E2C}
		{246E3B35-DAD8-4B75-A9B4-3FB98D308635} = {AA6D55BD-A981-4971-BCE8-FD60B8614EB7}
		{22CAE729-4B6A-4F24-9D41-F1BCE04006CC} = {570E7FEF-C8EA-4B44-94CE-B30ACEC4DDFA}
	EndGlobalSection
	GlobalSection(ExtensibilityGlobals) = postSolution
		SolutionGuid = {FCA23B81-A1B0-48DA-B644-21F404C18230}
	EndGlobalSection
EndGlobal
